
Microsoft Visual Studio Solution File, Format Version 11.00
# Visual Studio 2010
Project("{FAE04EC0-301F-11D3-BF4B-00C04F79EFBC}") = "SHAgent", "SHAgent\SHAgent.csproj", "{EC6A6317-D016-454B-956F-F48715866903}"
EndProject
Project("{FAE04EC0-301F-11D3-BF4B-00C04F79EFBC}") = "SHAgent.Tests", "SHAgent.Tests\SHAgent.Tests.csproj", "{2738A7C6-F663-4188-97FB-BD5159810DFE}"
EndProject
Project("{2150E333-8FDC-42A3-9474-1A3956D46DE8}") = "Solution Items", "Solution Items", "{87EA1E9F-6F2A-4C12-BFB2-C48721204F81}"
	ProjectSection(SolutionItems) = preProject
		Local.testsettings = Local.testsettings
		SHAgent.vsmdi = SHAgent.vsmdi
		TraceAndTestImpact.testsettings = TraceAndTestImpact.testsettings
	EndProjectSection
EndProject
Project("{FAE04EC0-301F-11D3-BF4B-00C04F79EFBC}") = "TestConsoleApp", "TestConsoleApp\TestConsoleApp.csproj", "{D5ACAAFB-28B3-4ACA-A468-DEEA9282BE04}"
EndProject
Project("{FAE04EC0-301F-11D3-BF4B-00C04F79EFBC}") = "SHAgentService", "SHAgentService\SHAgentService.csproj", "{02DF2C69-B2E4-4614-B797-EFFD17F1F6E4}"
EndProject
Project("{FAE04EC0-301F-11D3-BF4B-00C04F79EFBC}") = "SHAgentLib", "SHAgentLib\SHAgentLib.csproj", "{F295E00A-D5D1-41F3-9FC4-89C8A6C82984}"
EndProject
Global
	GlobalSection(TestCaseManagementSettings) = postSolution
		CategoryFile = SHAgent.vsmdi
	EndGlobalSection
	GlobalSection(SolutionConfigurationPlatforms) = preSolution
		Debug|Any CPU = Debug|Any CPU
		Debug|Mixed Platforms = Debug|Mixed Platforms
		Debug|x86 = Debug|x86
		Release|Any CPU = Release|Any CPU
		Release|Mixed Platforms = Release|Mixed Platforms
		Release|x86 = Release|x86
	EndGlobalSection
	GlobalSection(ProjectConfigurationPlatforms) = postSolution
		{EC6A6317-D016-454B-956F-F48715866903}.Debug|Any CPU.ActiveCfg = Debug|x86
		{EC6A6317-D016-454B-956F-F48715866903}.Debug|Mixed Platforms.ActiveCfg = Debug|x86
		{EC6A6317-D016-454B-956F-F48715866903}.Debug|Mixed Platforms.Build.0 = Debug|x86
		{EC6A6317-D016-454B-956F-F48715866903}.Debug|x86.ActiveCfg = Debug|x86
		{EC6A6317-D016-454B-956F-F48715866903}.Debug|x86.Build.0 = Debug|x86
		{EC6A6317-D016-454B-956F-F48715866903}.Release|Any CPU.ActiveCfg = Release|x86
		{EC6A6317-D016-454B-956F-F48715866903}.Release|Mixed Platforms.ActiveCfg = Release|x86
		{EC6A6317-D016-454B-956F-F48715866903}.Release|Mixed Platforms.Build.0 = Release|x86
		{EC6A6317-D016-454B-956F-F48715866903}.Release|x86.ActiveCfg = Release|x86
		{EC6A6317-D016-454B-956F-F48715866903}.Release|x86.Build.0 = Release|x86
		{2738A7C6-F663-4188-97FB-BD5159810DFE}.Debug|Any CPU.ActiveCfg = Debug|Any CPU
		{2738A7C6-F663-4188-97FB-BD5159810DFE}.Debug|Any CPU.Build.0 = Debug|Any CPU
		{2738A7C6-F663-4188-97FB-BD5159810DFE}.Debug|Mixed Platforms.ActiveCfg = Debug|Any CPU
		{2738A7C6-F663-4188-97FB-BD5159810DFE}.Debug|Mixed Platforms.Build.0 = Debug|Any CPU
		{2738A7C6-F663-4188-97FB-BD5159810DFE}.Debug|x86.ActiveCfg = Debug|Any CPU
		{2738A7C6-F663-4188-97FB-BD5159810DFE}.Release|Any CPU.ActiveCfg = Release|Any CPU
		{2738A7C6-F663-4188-97FB-BD5159810DFE}.Release|Any CPU.Build.0 = Release|Any CPU
		{2738A7C6-F663-4188-97FB-BD5159810DFE}.Release|Mixed Platforms.ActiveCfg = Release|Any CPU
		{2738A7C6-F663-4188-97FB-BD5159810DFE}.Release|Mixed Platforms.Build.0 = Release|Any CPU
		{2738A7C6-F663-4188-97FB-BD5159810DFE}.Release|x86.ActiveCfg = Release|Any CPU
		{D5ACAAFB-28B3-4ACA-A468-DEEA9282BE04}.Debug|Any CPU.ActiveCfg = Debug|x86
		{D5ACAAFB-28B3-4ACA-A468-DEEA9282BE04}.Debug|Mixed Platforms.ActiveCfg = Debug|x86
		{D5ACAAFB-28B3-4ACA-A468-DEEA9282BE04}.Debug|Mixed Platforms.Build.0 = Debug|x86
		{D5ACAAFB-28B3-4ACA-A468-DEEA9282BE04}.Debug|x86.ActiveCfg = Debug|x86
		{D5ACAAFB-28B3-4ACA-A468-DEEA9282BE04}.Debug|x86.Build.0 = Debug|x86
		{D5ACAAFB-28B3-4ACA-A468-DEEA9282BE04}.Release|Any CPU.ActiveCfg = Release|x86
		{D5ACAAFB-28B3-4ACA-A468-DEEA9282BE04}.Release|Mixed Platforms.ActiveCfg = Release|x86
		{D5ACAAFB-28B3-4ACA-A468-DEEA9282BE04}.Release|Mixed Platforms.Build.0 = Release|x86
		{D5ACAAFB-28B3-4ACA-A468-DEEA9282BE04}.Release|x86.ActiveCfg = Release|x86
		{D5ACAAFB-28B3-4ACA-A468-DEEA9282BE04}.Release|x86.Build.0 = Release|x86
		{02DF2C69-B2E4-4614-B797-EFFD17F1F6E4}.Debug|Any CPU.ActiveCfg = Debug|x86
		{02DF2C69-B2E4-4614-B797-EFFD17F1F6E4}.Debug|Mixed Platforms.ActiveCfg = Debug|x86
		{02DF2C69-B2E4-4614-B797-EFFD17F1F6E4}.Debug|Mixed Platforms.Build.0 = Debug|x86
		{02DF2C69-B2E4-4614-B797-EFFD17F1F6E4}.Debug|x86.ActiveCfg = Debug|x86
		{02DF2C69-B2E4-4614-B797-EFFD17F1F6E4}.Debug|x86.Build.0 = Debug|x86
		{02DF2C69-B2E4-4614-B797-EFFD17F1F6E4}.Release|Any CPU.ActiveCfg = Release|x86
		{02DF2C69-B2E4-4614-B797-EFFD17F1F6E4}.Release|Mixed Platforms.ActiveCfg = Release|x86
		{02DF2C69-B2E4-4614-B797-EFFD17F1F6E4}.Release|Mixed Platforms.Build.0 = Release|x86
		{02DF2C69-B2E4-4614-B797-EFFD17F1F6E4}.Release|x86.ActiveCfg = Release|x86
		{02DF2C69-B2E4-4614-B797-EFFD17F1F6E4}.Release|x86.Build.0 = Release|x86
		{F295E00A-D5D1-41F3-9FC4-89C8A6C82984}.Debug|Any CPU.ActiveCfg = Debug|Any CPU
		{F295E00A-D5D1-41F3-9FC4-89C8A6C82984}.Debug|Any CPU.Build.0 = Debug|Any CPU
		{F295E00A-D5D1-41F3-9FC4-89C8A6C82984}.Debug|Mixed Platforms.ActiveCfg = Debug|Any CPU
		{F295E00A-D5D1-41F3-9FC4-89C8A6C82984}.Debug|Mixed Platforms.Build.0 = Debug|Any CPU
		{F295E00A-D5D1-41F3-9FC4-89C8A6C82984}.Debug|x86.ActiveCfg = Debug|Any CPU
		{F295E00A-D5D1-41F3-9FC4-89C8A6C82984}.Release|Any CPU.ActiveCfg = Release|Any CPU
		{F295E00A-D5D1-41F3-9FC4-89C8A6C82984}.Release|Any CPU.Build.0 = Release|Any CPU
		{F295E00A-D5D1-41F3-9FC4-89C8A6C82984}.Release|Mixed Platforms.ActiveCfg = Release|Any CPU
		{F295E00A-D5D1-41F3-9FC4-89C8A6C82984}.Release|Mixed Platforms.Build.0 = Release|Any CPU
		{F295E00A-D5D1-41F3-9FC4-89C8A6C82984}.Release|x86.ActiveCfg = Release|Any CPU
	EndGlobalSection
	GlobalSection(SolutionProperties) = preSolution
		HideSolutionNode = FALSE
	EndGlobalSection
EndGlobal
